// !$*UTF8*$!
{
	archiveVersion = 1;
	classes = {
	};
	objectVersion = 46;
	objects = {

/* Begin PBXBuildFile section */
		0A8AE25A17D568A00056C0D3 /* UIKit.framework in Frameworks */ = {isa = PBXBuildFile; fileRef = 0A8AE25917D568A00056C0D3 /* UIKit.framework */; };
		0A8AE25C17D568A00056C0D3 /* Foundation.framework in Frameworks */ = {isa = PBXBuildFile; fileRef = 0A8AE25B17D568A00056C0D3 /* Foundation.framework */; };
		0A8AE25E17D568A00056C0D3 /* CoreGraphics.framework in Frameworks */ = {isa = PBXBuildFile; fileRef = 0A8AE25D17D568A00056C0D3 /* CoreGraphics.framework */; };
		0A8AE26417D568A00056C0D3 /* InfoPlist.strings in Resources */ = {isa = PBXBuildFile; fileRef = 0A8AE26217D568A00056C0D3 /* InfoPlist.strings */; };
		0A8AE26617D568A00056C0D3 /* main.m in Sources */ = {isa = PBXBuildFile; fileRef = 0A8AE26517D568A00056C0D3 /* main.m */; };
		0A8AE26A17D568A00056C0D3 /* AppDelegate.m in Sources */ = {isa = PBXBuildFile; fileRef = 0A8AE26917D568A00056C0D3 /* AppDelegate.m */; };
		0A8AE26C17D568A00056C0D3 /* Default.png in Resources */ = {isa = PBXBuildFile; fileRef = 0A8AE26B17D568A00056C0D3 /* Default.png */; };
		0A8AE26E17D568A00056C0D3 /* Default@2x.png in Resources */ = {isa = PBXBuildFile; fileRef = 0A8AE26D17D568A00056C0D3 /* Default@2x.png */; };
		0A8AE27017D568A00056C0D3 /* Default-568h@2x.png in Resources */ = {isa = PBXBuildFile; fileRef = 0A8AE26F17D568A00056C0D3 /* Default-568h@2x.png */; };
		0A8AE27317D568A00056C0D3 /* MainStoryboard.storyboard in Resources */ = {isa = PBXBuildFile; fileRef = 0A8AE27117D568A00056C0D3 /* MainStoryboard.storyboard */; };
		0A8AE27617D568A00056C0D3 /* ViewController.m in Sources */ = {isa = PBXBuildFile; fileRef = 0A8AE27517D568A00056C0D3 /* ViewController.m */; };
		0A8AE27E17D568A00056C0D3 /* SenTestingKit.framework in Frameworks */ = {isa = PBXBuildFile; fileRef = 0A8AE27D17D568A00056C0D3 /* SenTestingKit.framework */; };
		0A8AE27F17D568A00056C0D3 /* UIKit.framework in Frameworks */ = {isa = PBXBuildFile; fileRef = 0A8AE25917D568A00056C0D3 /* UIKit.framework */; };
		0A8AE28017D568A00056C0D3 /* Foundation.framework in Frameworks */ = {isa = PBXBuildFile; fileRef = 0A8AE25B17D568A00056C0D3 /* Foundation.framework */; };
		0A8AE28817D568A00056C0D3 /* InfoPlist.strings in Resources */ = {isa = PBXBuildFile; fileRef = 0A8AE28617D568A00056C0D3 /* InfoPlist.strings */; };
		0A8AE28B17D568A00056C0D3 /* IceBreakerTests.m in Sources */ = {isa = PBXBuildFile; fileRef = 0A8AE28A17D568A00056C0D3 /* IceBreakerTests.m */; };
/* End PBXBuildFile section */

/* Begin PBXContainerItemProxy section */
		0A8AE28117D568A00056C0D3 /* PBXContainerItemProxy */ = {
			isa = PBXContainerItemProxy;
			containerPortal = 0A8AE24E17D5689F0056C0D3 /* Project object */;
			proxyType = 1;
			remoteGlobalIDString = 0A8AE25517D568A00056C0D3;
			remoteInfo = IceBreaker;
		};
/* End PBXContainerItemProxy section */

/* Begin PBXFileReference section */
		0A8AE25617D568A00056C0D3 /* IceBreaker.app */ = {isa = PBXFileReference; explicitFileType = wrapper.application; includeInIndex = 0; path = IceBreaker.app; sourceTree = BUILT_PRODUCTS_DIR; };
		0A8AE25917D568A00056C0D3 /* UIKit.framework */ = {isa = PBXFileReference; lastKnownFileType = wrapper.framework; name = UIKit.framework; path = System/Library/Frameworks/UIKit.framework; sourceTree = SDKROOT; };
		0A8AE25B17D568A00056C0D3 /* Foundation.framework */ = {isa = PBXFileReference; lastKnownFileType = wrapper.framework; name = Foundation.framework; path = System/Library/Frameworks/Foundation.framework; sourceTree = SDKROOT; };
		0A8AE25D17D568A00056C0D3 /* CoreGraphics.framework */ = {isa = PBXFileReference; lastKnownFileType = wrapper.framework; name = CoreGraphics.framework; path = System/Library/Frameworks/CoreGraphics.framework; sourceTree = SDKROOT; };
		0A8AE26117D568A00056C0D3 /* IceBreaker-Info.plist */ = {isa = PBXFileReference; lastKnownFileType = text.plist.xml; path = "IceBreaker-Info.plist"; sourceTree = "<group>"; };
		0A8AE26317D568A00056C0D3 /* en */ = {isa = PBXFileReference; lastKnownFileType = text.plist.strings; name = en; path = en.lproj/InfoPlist.strings; sourceTree = "<group>"; };
		0A8AE26517D568A00056C0D3 /* main.m */ = {isa = PBXFileReference; lastKnownFileType = sourcecode.c.objc; path = main.m; sourceTree = "<group>"; };
		0A8AE26717D568A00056C0D3 /* IceBreaker-Prefix.pch */ = {isa = PBXFileReference; lastKnownFileType = sourcecode.c.h; path = "IceBreaker-Prefix.pch"; sourceTree = "<group>"; };
		0A8AE26817D568A00056C0D3 /* AppDelegate.h */ = {isa = PBXFileReference; lastKnownFileType = sourcecode.c.h; path = AppDelegate.h; sourceTree = "<group>"; };
		0A8AE26917D568A00056C0D3 /* AppDelegate.m */ = {isa = PBXFileReference; lastKnownFileType = sourcecode.c.objc; path = AppDelegate.m; sourceTree = "<group>"; };
		0A8AE26B17D568A00056C0D3 /* Default.png */ = {isa = PBXFileReference; lastKnownFileType = image.png; path = Default.png; sourceTree = "<group>"; };
		0A8AE26D17D568A00056C0D3 /* Default@2x.png */ = {isa = PBXFileReference; lastKnownFileType = image.png; path = "Default@2x.png"; sourceTree = "<group>"; };
		0A8AE26F17D568A00056C0D3 /* Default-568h@2x.png */ = {isa = PBXFileReference; lastKnownFileType = image.png; path = "Default-568h@2x.png"; sourceTree = "<group>"; };
		0A8AE27217D568A00056C0D3 /* en */ = {isa = PBXFileReference; lastKnownFileType = file.storyboard; name = en; path = en.lproj/MainStoryboard.storyboard; sourceTree = "<group>"; };
		0A8AE27417D568A00056C0D3 /* ViewController.h */ = {isa = PBXFileReference; lastKnownFileType = sourcecode.c.h; path = ViewController.h; sourceTree = "<group>"; };
		0A8AE27517D568A00056C0D3 /* ViewController.m */ = {isa = PBXFileReference; lastKnownFileType = sourcecode.c.objc; path = ViewController.m; sourceTree = "<group>"; };
		0A8AE27C17D568A00056C0D3 /* IceBreakerTests.octest */ = {isa = PBXFileReference; explicitFileType = wrapper.cfbundle; includeInIndex = 0; path = IceBreakerTests.octest; sourceTree = BUILT_PRODUCTS_DIR; };
		0A8AE27D17D568A00056C0D3 /* SenTestingKit.framework */ = {isa = PBXFileReference; lastKnownFileType = wrapper.framework; name = SenTestingKit.framework; path = Library/Frameworks/SenTestingKit.framework; sourceTree = DEVELOPER_DIR; };
		0A8AE28517D568A00056C0D3 /* IceBreakerTests-Info.plist */ = {isa = PBXFileReference; lastKnownFileType = text.plist.xml; path = "IceBreakerTests-Info.plist"; sourceTree = "<group>"; };
		0A8AE28717D568A00056C0D3 /* en */ = {isa = PBXFileReference; lastKnownFileType = text.plist.strings; name = en; path = en.lproj/InfoPlist.strings; sourceTree = "<group>"; };
		0A8AE28917D568A00056C0D3 /* IceBreakerTests.h */ = {isa = PBXFileReference; lastKnownFileType = sourcecode.c.h; path = IceBreakerTests.h; sourceTree = "<group>"; };
		0A8AE28A17D568A00056C0D3 /* IceBreakerTests.m */ = {isa = PBXFileReference; lastKnownFileType = sourcecode.c.objc; path = IceBreakerTests.m; sourceTree = "<group>"; };
/* End PBXFileReference section */

/* Begin PBXFrameworksBuildPhase section */
		0A8AE25317D568A00056C0D3 /* Frameworks */ = {
			isa = PBXFrameworksBuildPhase;
			buildActionMask = 2147483647;
			files = (
				0A8AE25A17D568A00056C0D3 /* UIKit.framework in Frameworks */,
				0A8AE25C17D568A00056C0D3 /* Foundation.framework in Frameworks */,
				0A8AE25E17D568A00056C0D3 /* CoreGraphics.framework in Frameworks */,
			);
			runOnlyForDeploymentPostprocessing = 0;
		};
		0A8AE27817D568A00056C0D3 /* Frameworks */ = {
			isa = PBXFrameworksBuildPhase;
			buildActionMask = 2147483647;
			files = (
				0A8AE27E17D568A00056C0D3 /* SenTestingKit.framework in Frameworks */,
				0A8AE27F17D568A00056C0D3 /* UIKit.framework in Frameworks */,
				0A8AE28017D568A00056C0D3 /* Foundation.framework in Frameworks */,
			);
			runOnlyForDeploymentPostprocessing = 0;
		};
/* End PBXFrameworksBuildPhase section */

/* Begin PBXGroup section */
		0A8AE24D17D5689F0056C0D3 = {
			isa = PBXGroup;
			children = (
				0A8AE25F17D568A00056C0D3 /* IceBreaker */,
				0A8AE28317D568A00056C0D3 /* IceBreakerTests */,
				0A8AE25817D568A00056C0D3 /* Frameworks */,
				0A8AE25717D568A00056C0D3 /* Products */,
			);
			sourceTree = "<group>";
		};
		0A8AE25717D568A00056C0D3 /* Products */ = {
			isa = PBXGroup;
			children = (
				0A8AE25617D568A00056C0D3 /* IceBreaker.app */,
				0A8AE27C17D568A00056C0D3 /* IceBreakerTests.octest */,
			);
			name = Products;
			sourceTree = "<group>";
		};
		0A8AE25817D568A00056C0D3 /* Frameworks */ = {
			isa = PBXGroup;
			children = (
				0A8AE25917D568A00056C0D3 /* UIKit.framework */,
				0A8AE25B17D568A00056C0D3 /* Foundation.framework */,
				0A8AE25D17D568A00056C0D3 /* CoreGraphics.framework */,
				0A8AE27D17D568A00056C0D3 /* SenTestingKit.framework */,
			);
			name = Frameworks;
			sourceTree = "<group>";
		};
		0A8AE25F17D568A00056C0D3 /* IceBreaker */ = {
			isa = PBXGroup;
			children = (
				0A8AE26817D568A00056C0D3 /* AppDelegate.h */,
				0A8AE26917D568A00056C0D3 /* AppDelegate.m */,
				0A8AE27117D568A00056C0D3 /* MainStoryboard.storyboard */,
				0A8AE27417D568A00056C0D3 /* ViewController.h */,
				0A8AE27517D568A00056C0D3 /* ViewController.m */,
				0A8AE26017D568A00056C0D3 /* Supporting Files */,
			);
			path = IceBreaker;
			sourceTree = "<group>";
		};
		0A8AE26017D568A00056C0D3 /* Supporting Files */ = {
			isa = PBXGroup;
			children = (
				0A8AE26117D568A00056C0D3 /* IceBreaker-Info.plist */,
				0A8AE26217D568A00056C0D3 /* InfoPlist.strings */,
				0A8AE26517D568A00056C0D3 /* main.m */,
				0A8AE26717D568A00056C0D3 /* IceBreaker-Prefix.pch */,
				0A8AE26B17D568A00056C0D3 /* Default.png */,
				0A8AE26D17D568A00056C0D3 /* Default@2x.png */,
				0A8AE26F17D568A00056C0D3 /* Default-568h@2x.png */,
			);
			name = "Supporting Files";
			sourceTree = "<group>";
		};
		0A8AE28317D568A00056C0D3 /* IceBreakerTests */ = {
			isa = PBXGroup;
			children = (
				0A8AE28917D568A00056C0D3 /* IceBreakerTests.h */,
				0A8AE28A17D568A00056C0D3 /* IceBreakerTests.m */,
				0A8AE28417D568A00056C0D3 /* Supporting Files */,
			);
			path = IceBreakerTests;
			sourceTree = "<group>";
		};
		0A8AE28417D568A00056C0D3 /* Supporting Files */ = {
			isa = PBXGroup;
			children = (
				0A8AE28517D568A00056C0D3 /* IceBreakerTests-Info.plist */,
				0A8AE28617D568A00056C0D3 /* InfoPlist.strings */,
			);
			name = "Supporting Files";
			sourceTree = "<group>";
		};
/* End PBXGroup section */

/* Begin PBXNativeTarget section */
		0A8AE25517D568A00056C0D3 /* IceBreaker */ = {
			isa = PBXNativeTarget;
			buildConfigurationList = 0A8AE28E17D568A00056C0D3 /* Build configuration list for PBXNativeTarget "IceBreaker" */;
			buildPhases = (
				0A8AE25217D568A00056C0D3 /* Sources */,
				0A8AE25317D568A00056C0D3 /* Frameworks */,
				0A8AE25417D568A00056C0D3 /* Resources */,
			);
			buildRules = (
			);
			dependencies = (
			);
			name = IceBreaker;
			productName = IceBreaker;
			productReference = 0A8AE25617D568A00056C0D3 /* IceBreaker.app */;
			productType = "com.apple.product-type.application";
		};
		0A8AE27B17D568A00056C0D3 /* IceBreakerTests */ = {
			isa = PBXNativeTarget;
			buildConfigurationList = 0A8AE29117D568A00056C0D3 /* Build configuration list for PBXNativeTarget "IceBreakerTests" */;
			buildPhases = (
				0A8AE27717D568A00056C0D3 /* Sources */,
				0A8AE27817D568A00056C0D3 /* Frameworks */,
				0A8AE27917D568A00056C0D3 /* Resources */,
				0A8AE27A17D568A00056C0D3 /* ShellScript */,
			);
			buildRules = (
			);
			dependencies = (
				0A8AE28217D568A00056C0D3 /* PBXTargetDependency */,
			);
			name = IceBreakerTests;
			productName = IceBreakerTests;
			productReference = 0A8AE27C17D568A00056C0D3 /* IceBreakerTests.octest */;
			productType = "com.apple.product-type.bundle";
		};
/* End PBXNativeTarget section */

/* Begin PBXProject section */
		0A8AE24E17D5689F0056C0D3 /* Project object */ = {
			isa = PBXProject;
			attributes = {
				LastUpgradeCheck = 0460;
				ORGANIZATIONNAME = "Joshua Wang";
			};
			buildConfigurationList = 0A8AE25117D5689F0056C0D3 /* Build configuration list for PBXProject "IceBreaker" */;
			compatibilityVersion = "Xcode 3.2";
			developmentRegion = English;
			hasScannedForEncodings = 0;
			knownRegions = (
				en,
			);
			mainGroup = 0A8AE24D17D5689F0056C0D3;
			productRefGroup = 0A8AE25717D568A00056C0D3 /* Products */;
			projectDirPath = "";
			projectRoot = "";
			targets = (
				0A8AE25517D568A00056C0D3 /* IceBreaker */,
				0A8AE27B17D568A00056C0D3 /* IceBreakerTests */,
			);
		};
/* End PBXProject section */

/* Begin PBXResourcesBuildPhase section */
		0A8AE25417D568A00056C0D3 /* Resources */ = {
			isa = PBXResourcesBuildPhase;
			buildActionMask = 2147483647;
			files = (
				0A8AE26417D568A00056C0D3 /* InfoPlist.strings in Resources */,
				0A8AE26C17D568A00056C0D3 /* Default.png in Resources */,
				0A8AE26E17D568A00056C0D3 /* Default@2x.png in Resources */,
				0A8AE27017D568A00056C0D3 /* Default-568h@2x.png in Resources */,
				0A8AE27317D568A00056C0D3 /* MainStoryboard.storyboard in Resources */,
			);
			runOnlyForDeploymentPostprocessing = 0;
		};
		0A8AE27917D568A00056C0D3 /* Resources */ = {
			isa = PBXResourcesBuildPhase;
			buildActionMask = 2147483647;
			files = (
				0A8AE28817D568A00056C0D3 /* InfoPlist.strings in Resources */,
			);
			runOnlyForDeploymentPostprocessing = 0;
		};
/* End PBXResourcesBuildPhase section */

/* Begin PBXShellScriptBuildPhase section */
		0A8AE27A17D568A00056C0D3 /* ShellScript */ = {
			isa = PBXShellScriptBuildPhase;
			buildActionMask = 2147483647;
			files = (
			);
			inputPaths = (
			);
			outputPaths = (
			);
			runOnlyForDeploymentPostprocessing = 0;
			shellPath = /bin/sh;
			shellScript = "# Run the unit tests in this test bundle.\n\"${SYSTEM_DEVELOPER_DIR}/Tools/RunUnitTests\"\n";
		};
/* End PBXShellScriptBuildPhase section */

/* Begin PBXSourcesBuildPhase section */
		0A8AE25217D568A00056C0D3 /* Sources */ = {
			isa = PBXSourcesBuildPhase;
			buildActionMask = 2147483647;
			files = (
				0A8AE26617D568A00056C0D3 /* main.m in Sources */,
				0A8AE26A17D568A00056C0D3 /* AppDelegate.m in Sources */,
				0A8AE27617D568A00056C0D3 /* ViewController.m in Sources */,
			);
			runOnlyForDeploymentPostprocessing = 0;
		};
		0A8AE27717D568A00056C0D3 /* Sources */ = {
			isa = PBXSourcesBuildPhase;
			buildActionMask = 2147483647;
			files = (
				0A8AE28B17D568A00056C0D3 /* IceBreakerTests.m in Sources */,
			);
			runOnlyForDeploymentPostprocessing = 0;
		};
/* End PBXSourcesBuildPhase section */

/* Begin PBXTargetDependency section */
		0A8AE28217D568A00056C0D3 /* PBXTargetDependency */ = {
			isa = PBXTargetDependency;
			target = 0A8AE25517D568A00056C0D3 /* IceBreaker */;
			targetProxy = 0A8AE28117D568A00056C0D3 /* PBXContainerItemProxy */;
		};
/* End PBXTargetDependency section */

/* Begin PBXVariantGroup section */
		0A8AE26217D568A00056C0D3 /* InfoPlist.strings */ = {
			isa = PBXVariantGroup;
			children = (
				0A8AE26317D568A00056C0D3 /* en */,
			);
			name = InfoPlist.strings;
			sourceTree = "<group>";
		};
		0A8AE27117D568A00056C0D3 /* MainStoryboard.storyboard */ = {
			isa = PBXVariantGroup;
			children = (
				0A8AE27217D568A00056C0D3 /* en */,
			);
			name = MainStoryboard.storyboard;
			sourceTree = "<group>";
		};
		0A8AE28617D568A00056C0D3 /* InfoPlist.strings */ = {
			isa = PBXVariantGroup;
			children = (
				0A8AE28717D568A00056C0D3 /* en */,
			);
			name = InfoPlist.strings;
			sourceTree = "<group>";
		};
/* End PBXVariantGroup section */

/* Begin XCBuildConfiguration section */
		0A8AE28C17D568A00056C0D3 /* Debug */ = {
			isa = XCBuildConfiguration;
			buildSettings = {
				ALWAYS_SEARCH_USER_PATHS = NO;
				CLANG_CXX_LANGUAGE_STANDARD = "gnu++0x";
				CLANG_CXX_LIBRARY = "libc++";
				CLANG_ENABLE_OBJC_ARC = YES;
				CLANG_WARN_CONSTANT_CONVERSION = YES;
				CLANG_WARN_EMPTY_BODY = YES;
				CLANG_WARN_ENUM_CONVERSION = YES;
				CLANG_WARN_INT_CONVERSION = YES;
				CLANG_WARN__DUPLICATE_METHOD_MATCH = YES;
				"CODE_SIGN_IDENTITY[sdk=iphoneos*]" = "iPhone Developer";
				COPY_PHASE_STRIP = NO;
				GCC_C_LANGUAGE_STANDARD = gnu99;
				GCC_DYNAMIC_NO_PIC = NO;
				GCC_OPTIMIZATION_LEVEL = 0;
				GCC_PREPROCESSOR_DEFINITIONS = (
					"DEBUG=1",
					"$(inherited)",
				);
				GCC_SYMBOLS_PRIVATE_EXTERN = NO;
				GCC_WARN_ABOUT_RETURN_TYPE = YES;
				GCC_WARN_UNINITIALIZED_AUTOS = YES;
				GCC_WARN_UNUSED_VARIABLE = YES;
				IPHONEOS_DEPLOYMENT_TARGET = 6.1;
				ONLY_ACTIVE_ARCH = YES;
				SDKROOT = iphoneos;
			};
			name = Debug;
		};
		0A8AE28D17D568A00056C0D3 /* Release */ = {
			isa = XCBuildConfiguration;
			buildSettings = {
				ALWAYS_SEARCH_USER_PATHS = NO;
				CLANG_CXX_LANGUAGE_STANDARD = "gnu++0x";
				CLANG_CXX_LIBRARY = "libc++";
				CLANG_ENABLE_OBJC_ARC = YES;
				CLANG_WARN_CONSTANT_CONVERSION = YES;
				CLANG_WARN_EMPTY_BODY = YES;
				CLANG_WARN_ENUM_CONVERSION = YES;
				CLANG_WARN_INT_CONVERSION = YES;
				CLANG_WARN__DUPLICATE_METHOD_MATCH = YES;
				"CODE_SIGN_IDENTITY[sdk=iphoneos*]" = "iPhone Developer";
				COPY_PHASE_STRIP = YES;
				GCC_C_LANGUAGE_STANDARD = gnu99;
				GCC_WARN_ABOUT_RETURN_TYPE = YES;
				GCC_WARN_UNINITIALIZED_AUTOS = YES;
				GCC_WARN_UNUSED_VARIABLE = YES;
				IPHONEOS_DEPLOYMENT_TARGET = 6.1;
				OTHER_CFLAGS = "-DNS_BLOCK_ASSERTIONS=1";
				SDKROOT = iphoneos;
				VALIDATE_PRODUCT = YES;
			};
			name = Release;
		};
		0A8AE28F17D568A00056C0D3 /* Debug */ = {
			isa = XCBuildConfiguration;
			buildSettings = {
				GCC_PRECOMPILE_PREFIX_HEADER = YES;
				GCC_PREFIX_HEADER = "IceBreaker/IceBreaker-Prefix.pch";
				INFOPLIST_FILE = "IceBreaker/IceBreaker-Info.plist";
				PRODUCT_NAME = "$(TARGET_NAME)";
				WRAPPER_EXTENSION = app;
			};
			name = Debug;
		};
		0A8AE29017D568A00056C0D3 /* Release */ = {
			isa = XCBuildConfiguration;
			buildSettings = {
				GCC_PRECOMPILE_PREFIX_HEADER = YES;
				GCC_PREFIX_HEADER = "IceBreaker/IceBreaker-Prefix.pch";
				INFOPLIST_FILE = "IceBreaker/IceBreaker-Info.plist";
				PRODUCT_NAME = "$(TARGET_NAME)";
				WRAPPER_EXTENSION = app;
			};
			name = Release;
		};
		0A8AE29217D568A00056C0D3 /* Debug */ = {
			isa = XCBuildConfiguration;
			buildSettings = {
				BUNDLE_LOADER = "$(BUILT_PRODUCTS_DIR)/IceBreaker.app/IceBreaker";
				FRAMEWORK_SEARCH_PATHS = (
					"\"$(SDKROOT)/Developer/Library/Frameworks\"",
					"\"$(DEVELOPER_LIBRARY_DIR)/Frameworks\"",
				);
				GCC_PRECOMPILE_PREFIX_HEADER = YES;
				GCC_PREFIX_HEADER = "IceBreaker/IceBreaker-Prefix.pch";
				INFOPLIST_FILE = "IceBreakerTests/IceBreakerTests-Info.plist";
				PRODUCT_NAME = "$(TARGET_NAME)";
				TEST_HOST = "$(BUNDLE_LOADER)";
				WRAPPER_EXTENSION = octest;
			};
			name = Debug;
		};
		0A8AE29317D568A00056C0D3 /* Release */ = {
			isa = XCBuildConfiguration;
			buildSettings = {
				BUNDLE_LOADER = "$(BUILT_PRODUCTS_DIR)/IceBreaker.app/IceBreaker";
				FRAMEWORK_SEARCH_PATHS = (
					"\"$(SDKROOT)/Developer/Library/Frameworks\"",
					"\"$(DEVELOPER_LIBRARY_DIR)/Frameworks\"",
				);
				GCC_PRECOMPILE_PREFIX_HEADER = YES;
				GCC_PREFIX_HEADER = "IceBreaker/IceBreaker-Prefix.pch";
				INFOPLIST_FILE = "IceBreakerTests/IceBreakerTests-Info.plist";
				PRODUCT_NAME = "$(TARGET_NAME)";
				TEST_HOST = "$(BUNDLE_LOADER)";
				WRAPPER_EXTENSION = octest;
			};
			name = Release;
		};
/* End XCBuildConfiguration section */

/* Begin XCConfigurationList section */
		0A8AE25117D5689F0056C0D3 /* Build configuration list for PBXProject "IceBreaker" */ = {
			isa = XCConfigurationList;
			buildConfigurations = (
				0A8AE28C17D568A00056C0D3 /* Debug */,
				0A8AE28D17D568A00056C0D3 /* Release */,
			);
			defaultConfigurationIsVisible = 0;
			defaultConfigurationName = Release;
		};
		0A8AE28E17D568A00056C0D3 /* Build configuration list for PBXNativeTarget "IceBreaker" */ = {
			isa = XCConfigurationList;
			buildConfigurations = (
				0A8AE28F17D568A00056C0D3 /* Debug */,
				0A8AE29017D568A00056C0D3 /* Release */,
			);
			defaultConfigurationIsVisible = 0;
		};
		0A8AE29117D568A00056C0D3 /* Build configuration list for PBXNativeTarget "IceBreakerTests" */ = {
			isa = XCConfigurationList;
			buildConfigurations = (
				0A8AE29217D568A00056C0D3 /* Debug */,
				0A8AE29317D568A00056C0D3 /* Release */,
			);
			defaultConfigurationIsVisible = 0;
		};
/* End XCConfigurationList section */
	};
	rootObject = 0A8AE24E17D5689F0056C0D3 /* Project object */;
}
